
Microsoft Visual Studio Solution File, Format Version 12.00
# Visual Studio 15
VisualStudioVersion = 15.0.28010.2026
MinimumVisualStudioVersion = 10.0.40219.1
Project("{FAE04EC0-301F-11D3-BF4B-00C04F79EFBC}") = "SampleWebAppDemo", "SampleWebAppDemo\SampleWebAppDemo.csproj", "{B3240A50-6210-4A63-A620-706D0CFD156A}"
EndProject
Global
	GlobalSection(SolutionConfigurationPlatforms) = preSolution
		Debug|Any CPU = Debug|Any CPU
		Release|Any CPU = Release|Any CPU
	EndGlobalSection
	GlobalSection(ProjectConfigurationPlatforms) = postSolution
		{B3240A50-6210-4A63-A620-706D0CFD156A}.Debug|Any CPU.ActiveCfg = Debug|Any CPU
		{B3240A50-6210-4A63-A620-706D0CFD156A}.Debug|Any CPU.Build.0 = Debug|Any CPU
		{B3240A50-6210-4A63-A620-706D0CFD156A}.Release|Any CPU.ActiveCfg = Release|Any CPU
		{B3240A50-6210-4A63-A620-706D0CFD156A}.Release|Any CPU.Build.0 = Release|Any CPU
	EndGlobalSection
	GlobalSection(SolutionProperties) = preSolution
		HideSolutionNode = FALSE
	EndGlobalSection
	GlobalSection(ExtensibilityGlobals) = postSolution
		SolutionGuid = {CFF2B561-D7EC-42D1-8462-C572675404D2}
	EndGlobalSection
EndGlobal
